
Microsoft Visual Studio Solution File, Format Version 12.00
# Visual Studio 15
VisualStudioVersion = 15.0.28010.2016
MinimumVisualStudioVersion = 10.0.40219.1
Project("{FAE04EC0-301F-11D3-BF4B-00C04F79EFBC}") = "Lotto", "Lotto\Lotto.csproj", "{CDB093C4-E579-465D-8A06-18D32D6DA2BB}"
EndProject
Global
	GlobalSection(SolutionConfigurationPlatforms) = preSolution
		Debug|Any CPU = Debug|Any CPU
		Release|Any CPU = Release|Any CPU
	EndGlobalSection
	GlobalSection(ProjectConfigurationPlatforms) = postSolution
		{CDB093C4-E579-465D-8A06-18D32D6DA2BB}.Debug|Any CPU.ActiveCfg = Debug|Any CPU
		{CDB093C4-E579-465D-8A06-18D32D6DA2BB}.Debug|Any CPU.Build.0 = Debug|Any CPU
		{CDB093C4-E579-465D-8A06-18D32D6DA2BB}.Release|Any CPU.ActiveCfg = Release|Any CPU
		{CDB093C4-E579-465D-8A06-18D32D6DA2BB}.Release|Any CPU.Build.0 = Release|Any CPU
	EndGlobalSection
	GlobalSection(SolutionProperties) = preSolution
		HideSolutionNode = FALSE
	EndGlobalSection
	GlobalSection(ExtensibilityGlobals) = postSolution
		SolutionGuid = {8E973503-8E3E-4003-BEA2-0B5BC6F204D0}
	EndGlobalSection
EndGlobal
