
Microsoft Visual Studio Solution File, Format Version 12.00
# Visual Studio 15
VisualStudioVersion = 15.0.28010.2016
MinimumVisualStudioVersion = 10.0.40219.1
Project("{FAE04EC0-301F-11D3-BF4B-00C04F79EFBC}") = "4.2", "4.2\4.2.csproj", "{737B6DD0-2401-43C0-A053-12C4FE0F7F93}"
EndProject
Global
	GlobalSection(SolutionConfigurationPlatforms) = preSolution
		Debug|Any CPU = Debug|Any CPU
		Release|Any CPU = Release|Any CPU
	EndGlobalSection
	GlobalSection(ProjectConfigurationPlatforms) = postSolution
		{737B6DD0-2401-43C0-A053-12C4FE0F7F93}.Debug|Any CPU.ActiveCfg = Debug|Any CPU
		{737B6DD0-2401-43C0-A053-12C4FE0F7F93}.Debug|Any CPU.Build.0 = Debug|Any CPU
		{737B6DD0-2401-43C0-A053-12C4FE0F7F93}.Release|Any CPU.ActiveCfg = Release|Any CPU
		{737B6DD0-2401-43C0-A053-12C4FE0F7F93}.Release|Any CPU.Build.0 = Release|Any CPU
	EndGlobalSection
	GlobalSection(SolutionProperties) = preSolution
		HideSolutionNode = FALSE
	EndGlobalSection
	GlobalSection(ExtensibilityGlobals) = postSolution
		SolutionGuid = {5041E95B-9F89-44BD-8BCE-14CFFB7CE396}
	EndGlobalSection
EndGlobal
