<<<<<<< HEAD
﻿
Microsoft Visual Studio Solution File, Format Version 12.00
# Visual Studio 15
VisualStudioVersion = 15.0.28010.2016
MinimumVisualStudioVersion = 10.0.40219.1
Project("{FAE04EC0-301F-11D3-BF4B-00C04F79EFBC}") = "Itsearviointi_4", "Itsearviointi_4\Itsearviointi_4.csproj", "{AAEEB8E6-9A16-44D7-909D-BDCF70C07E11}"
EndProject
Global
	GlobalSection(SolutionConfigurationPlatforms) = preSolution
		Debug|Any CPU = Debug|Any CPU
		Release|Any CPU = Release|Any CPU
	EndGlobalSection
	GlobalSection(ProjectConfigurationPlatforms) = postSolution
		{AAEEB8E6-9A16-44D7-909D-BDCF70C07E11}.Debug|Any CPU.ActiveCfg = Debug|Any CPU
		{AAEEB8E6-9A16-44D7-909D-BDCF70C07E11}.Debug|Any CPU.Build.0 = Debug|Any CPU
		{AAEEB8E6-9A16-44D7-909D-BDCF70C07E11}.Release|Any CPU.ActiveCfg = Release|Any CPU
		{AAEEB8E6-9A16-44D7-909D-BDCF70C07E11}.Release|Any CPU.Build.0 = Release|Any CPU
	EndGlobalSection
	GlobalSection(SolutionProperties) = preSolution
		HideSolutionNode = FALSE
	EndGlobalSection
	GlobalSection(ExtensibilityGlobals) = postSolution
		SolutionGuid = {B6CA8F58-9591-47F6-BDFA-B4BF7B8A0431}
	EndGlobalSection
EndGlobal
=======
﻿
Microsoft Visual Studio Solution File, Format Version 12.00
# Visual Studio 15
VisualStudioVersion = 15.0.28010.2016
MinimumVisualStudioVersion = 10.0.40219.1
Project("{FAE04EC0-301F-11D3-BF4B-00C04F79EFBC}") = "Itsearviointi_4", "Itsearviointi_4\Itsearviointi_4.csproj", "{AAEEB8E6-9A16-44D7-909D-BDCF70C07E11}"
EndProject
Global
	GlobalSection(SolutionConfigurationPlatforms) = preSolution
		Debug|Any CPU = Debug|Any CPU
		Release|Any CPU = Release|Any CPU
	EndGlobalSection
	GlobalSection(ProjectConfigurationPlatforms) = postSolution
		{AAEEB8E6-9A16-44D7-909D-BDCF70C07E11}.Debug|Any CPU.ActiveCfg = Debug|Any CPU
		{AAEEB8E6-9A16-44D7-909D-BDCF70C07E11}.Debug|Any CPU.Build.0 = Debug|Any CPU
		{AAEEB8E6-9A16-44D7-909D-BDCF70C07E11}.Release|Any CPU.ActiveCfg = Release|Any CPU
		{AAEEB8E6-9A16-44D7-909D-BDCF70C07E11}.Release|Any CPU.Build.0 = Release|Any CPU
	EndGlobalSection
	GlobalSection(SolutionProperties) = preSolution
		HideSolutionNode = FALSE
	EndGlobalSection
	GlobalSection(ExtensibilityGlobals) = postSolution
		SolutionGuid = {B6CA8F58-9591-47F6-BDFA-B4BF7B8A0431}
	EndGlobalSection
EndGlobal
>>>>>>> 93347cb67d5e1ca63a8b175471708894e5894679
