
Microsoft Visual Studio Solution File, Format Version 12.00
# Visual Studio 15
VisualStudioVersion = 15.0.28010.2016
MinimumVisualStudioVersion = 10.0.40219.1
Project("{FAE04EC0-301F-11D3-BF4B-00C04F79EFBC}") = "3.3", "3.3\3.3.csproj", "{C00147E4-FE2C-4BEE-BC77-BFD410FEEB67}"
EndProject
Global
	GlobalSection(SolutionConfigurationPlatforms) = preSolution
		Debug|Any CPU = Debug|Any CPU
		Release|Any CPU = Release|Any CPU
	EndGlobalSection
	GlobalSection(ProjectConfigurationPlatforms) = postSolution
		{C00147E4-FE2C-4BEE-BC77-BFD410FEEB67}.Debug|Any CPU.ActiveCfg = Debug|Any CPU
		{C00147E4-FE2C-4BEE-BC77-BFD410FEEB67}.Debug|Any CPU.Build.0 = Debug|Any CPU
		{C00147E4-FE2C-4BEE-BC77-BFD410FEEB67}.Release|Any CPU.ActiveCfg = Release|Any CPU
		{C00147E4-FE2C-4BEE-BC77-BFD410FEEB67}.Release|Any CPU.Build.0 = Release|Any CPU
	EndGlobalSection
	GlobalSection(SolutionProperties) = preSolution
		HideSolutionNode = FALSE
	EndGlobalSection
	GlobalSection(ExtensibilityGlobals) = postSolution
		SolutionGuid = {410E0E57-BF9F-409B-877C-2A920EA4BE38}
	EndGlobalSection
EndGlobal
